
Microsoft Visual Studio Solution File, Format Version 12.00
# Visual Studio 15
VisualStudioVersion = 15.0.28010.2050
MinimumVisualStudioVersion = 10.0.40219.1
Project("{FAE04EC0-301F-11D3-BF4B-00C04F79EFBC}") = "SpazBot", "SpazBot\SpazBot.csproj", "{9B52C8BC-4223-4316-8032-30E2694D2EB4}"
EndProject
Global
	GlobalSection(SolutionConfigurationPlatforms) = preSolution
		Debug|Any CPU = Debug|Any CPU
		Release|Any CPU = Release|Any CPU
	EndGlobalSection
	GlobalSection(ProjectConfigurationPlatforms) = postSolution
		{9B52C8BC-4223-4316-8032-30E2694D2EB4}.Debug|Any CPU.ActiveCfg = Debug|Any CPU
		{9B52C8BC-4223-4316-8032-30E2694D2EB4}.Debug|Any CPU.Build.0 = Debug|Any CPU
		{9B52C8BC-4223-4316-8032-30E2694D2EB4}.Release|Any CPU.ActiveCfg = Release|Any CPU
		{9B52C8BC-4223-4316-8032-30E2694D2EB4}.Release|Any CPU.Build.0 = Release|Any CPU
	EndGlobalSection
	GlobalSection(SolutionProperties) = preSolution
		HideSolutionNode = FALSE
	EndGlobalSection
	GlobalSection(ExtensibilityGlobals) = postSolution
		SolutionGuid = {82081B84-0A4F-4194-84A1-059C7955A3ED}
	EndGlobalSection
EndGlobal
